
Microsoft Visual Studio Solution File, Format Version 12.00
# Visual Studio Version 17
VisualStudioVersion = 17.10.34916.146
MinimumVisualStudioVersion = 10.0.40219.1
Project("{FAE04EC0-301F-11D3-BF4B-00C04F79EFBC}") = "ET.Shell", "ET.Shell\ET.Shell.csproj", "{FFA5F5C3-AB22-4D05-B6C8-46E6B6638C5A}"
EndProject
Project("{2150E333-8FDC-42A3-9474-1A3956D46DE8}") = "src", "src", "{5722B599-4435-440C-ADF7-1EA391E97912}"
EndProject
Global
	GlobalSection(SolutionConfigurationPlatforms) = preSolution
		Debug|Any CPU = Debug|Any CPU
		Release|Any CPU = Release|Any CPU
	EndGlobalSection
	GlobalSection(ProjectConfigurationPlatforms) = postSolution
		{FFA5F5C3-AB22-4D05-B6C8-46E6B6638C5A}.Debug|Any CPU.ActiveCfg = Debug|Any CPU
		{FFA5F5C3-AB22-4D05-B6C8-46E6B6638C5A}.Debug|Any CPU.Build.0 = Debug|Any CPU
		{FFA5F5C3-AB22-4D05-B6C8-46E6B6638C5A}.Release|Any CPU.ActiveCfg = Release|Any CPU
		{FFA5F5C3-AB22-4D05-B6C8-46E6B6638C5A}.Release|Any CPU.Build.0 = Release|Any CPU
	EndGlobalSection
	GlobalSection(SolutionProperties) = preSolution
		HideSolutionNode = FALSE
	EndGlobalSection
	GlobalSection(NestedProjects) = preSolution
		{FFA5F5C3-AB22-4D05-B6C8-46E6B6638C5A} = {5722B599-4435-440C-ADF7-1EA391E97912}
	EndGlobalSection
	GlobalSection(ExtensibilityGlobals) = postSolution
		SolutionGuid = {75150C98-4E20-42A3-BD64-2DC6A4B215BA}
	EndGlobalSection
EndGlobal
